// !$*UTF8*$!
{
	archiveVersion = 1;
	classes = {
	};
	objectVersion = 77;
	objects = {

/* Begin PBXBuildFile section */
		AC8454DB2E713A35004923F3 /* CombineMoya in Frameworks */ = {isa = PBXBuildFile; productRef = AC8454DA2E713A35004923F3 /* CombineMoya */; };
		AC8454DD2E713A35004923F3 /* Moya in Frameworks */ = {isa = PBXBuildFile; productRef = AC8454DC2E713A35004923F3 /* Moya */; };
		AC8454DF2E713A35004923F3 /* ReactiveMoya in Frameworks */ = {isa = PBXBuildFile; productRef = AC8454DE2E713A35004923F3 /* ReactiveMoya */; };
		AC8454E12E713A35004923F3 /* RxMoya in Frameworks */ = {isa = PBXBuildFile; productRef = AC8454E02E713A35004923F3 /* RxMoya */; };
		AC8454E42E713A51004923F3 /* ComposableArchitecture in Frameworks */ = {isa = PBXBuildFile; productRef = AC8454E32E713A51004923F3 /* ComposableArchitecture */; };
		AC8455462E714CE3004923F3 /* CLAUDE.md in Resources */ = {isa = PBXBuildFile; fileRef = AC8455452E714CE3004923F3 /* CLAUDE.md */; };
/* End PBXBuildFile section */

/* Begin PBXContainerItemProxy section */
		AC8454A32E7119EA004923F3 /* PBXContainerItemProxy */ = {
			isa = PBXContainerItemProxy;
			containerPortal = AC84548D2E7119E9004923F3 /* Project object */;
			proxyType = 1;
			remoteGlobalIDString = AC8454942E7119E9004923F3;
			remoteInfo = "TCA-Clean Architecture-Demo";
		};
		AC8454AD2E7119EA004923F3 /* PBXContainerItemProxy */ = {
			isa = PBXContainerItemProxy;
			containerPortal = AC84548D2E7119E9004923F3 /* Project object */;
			proxyType = 1;
			remoteGlobalIDString = AC8454942E7119E9004923F3;
			remoteInfo = "TCA-Clean Architecture-Demo";
		};
/* End PBXContainerItemProxy section */

/* Begin PBXFileReference section */
		AC8454952E7119E9004923F3 /* TCA-Clean Architecture-Demo.app */ = {isa = PBXFileReference; explicitFileType = wrapper.application; includeInIndex = 0; path = "TCA-Clean Architecture-Demo.app"; sourceTree = BUILT_PRODUCTS_DIR; };
		AC8454A22E7119EA004923F3 /* TCA-Clean Architecture-DemoTests.xctest */ = {isa = PBXFileReference; explicitFileType = wrapper.cfbundle; includeInIndex = 0; path = "TCA-Clean Architecture-DemoTests.xctest"; sourceTree = BUILT_PRODUCTS_DIR; };
		AC8454AC2E7119EA004923F3 /* TCA-Clean Architecture-DemoUITests.xctest */ = {isa = PBXFileReference; explicitFileType = wrapper.cfbundle; includeInIndex = 0; path = "TCA-Clean Architecture-DemoUITests.xctest"; sourceTree = BUILT_PRODUCTS_DIR; };
		AC8455452E714CE3004923F3 /* CLAUDE.md */ = {isa = PBXFileReference; lastKnownFileType = net.daringfireball.markdown; path = CLAUDE.md; sourceTree = "<group>"; };
/* End PBXFileReference section */

/* Begin PBXFileSystemSynchronizedRootGroup section */
		AC8454972E7119E9004923F3 /* TCA-Clean Architecture-Demo */ = {
			isa = PBXFileSystemSynchronizedRootGroup;
			path = "TCA-Clean Architecture-Demo";
			sourceTree = "<group>";
		};
		AC8454A52E7119EA004923F3 /* TCA-Clean Architecture-DemoTests */ = {
			isa = PBXFileSystemSynchronizedRootGroup;
			path = "TCA-Clean Architecture-DemoTests";
			sourceTree = "<group>";
		};
		AC8454AF2E7119EA004923F3 /* TCA-Clean Architecture-DemoUITests */ = {
			isa = PBXFileSystemSynchronizedRootGroup;
			path = "TCA-Clean Architecture-DemoUITests";
			sourceTree = "<group>";
		};
/* End PBXFileSystemSynchronizedRootGroup section */

/* Begin PBXFrameworksBuildPhase section */
		AC8454922E7119E9004923F3 /* Frameworks */ = {
			isa = PBXFrameworksBuildPhase;
			buildActionMask = 2147483647;
			files = (
				AC8454E42E713A51004923F3 /* ComposableArchitecture in Frameworks */,
				AC8454DD2E713A35004923F3 /* Moya in Frameworks */,
				AC8454DB2E713A35004923F3 /* CombineMoya in Frameworks */,
				AC8454E12E713A35004923F3 /* RxMoya in Frameworks */,
				AC8454DF2E713A35004923F3 /* ReactiveMoya in Frameworks */,
			);
			runOnlyForDeploymentPostprocessing = 0;
		};
		AC84549F2E7119EA004923F3 /* Frameworks */ = {
			isa = PBXFrameworksBuildPhase;
			buildActionMask = 2147483647;
			files = (
			);
			runOnlyForDeploymentPostprocessing = 0;
		};
		AC8454A92E7119EA004923F3 /* Frameworks */ = {
			isa = PBXFrameworksBuildPhase;
			buildActionMask = 2147483647;
			files = (
			);
			runOnlyForDeploymentPostprocessing = 0;
		};
/* End PBXFrameworksBuildPhase section */

/* Begin PBXGroup section */
		AC84548C2E7119E9004923F3 = {
			isa = PBXGroup;
			children = (
				AC8455452E714CE3004923F3 /* CLAUDE.md */,
				AC8454972E7119E9004923F3 /* TCA-Clean Architecture-Demo */,
				AC8454A52E7119EA004923F3 /* TCA-Clean Architecture-DemoTests */,
				AC8454AF2E7119EA004923F3 /* TCA-Clean Architecture-DemoUITests */,
				AC8454962E7119E9004923F3 /* Products */,
			);
			sourceTree = "<group>";
		};
		AC8454962E7119E9004923F3 /* Products */ = {
			isa = PBXGroup;
			children = (
				AC8454952E7119E9004923F3 /* TCA-Clean Architecture-Demo.app */,
				AC8454A22E7119EA004923F3 /* TCA-Clean Architecture-DemoTests.xctest */,
				AC8454AC2E7119EA004923F3 /* TCA-Clean Architecture-DemoUITests.xctest */,
			);
			name = Products;
			sourceTree = "<group>";
		};
/* End PBXGroup section */

/* Begin PBXNativeTarget section */
		AC8454942E7119E9004923F3 /* TCA-Clean Architecture-Demo */ = {
			isa = PBXNativeTarget;
			buildConfigurationList = AC8454B62E7119EA004923F3 /* Build configuration list for PBXNativeTarget "TCA-Clean Architecture-Demo" */;
			buildPhases = (
				AC8454912E7119E9004923F3 /* Sources */,
				AC8454922E7119E9004923F3 /* Frameworks */,
				AC8454932E7119E9004923F3 /* Resources */,
			);
			buildRules = (
			);
			dependencies = (
			);
			fileSystemSynchronizedGroups = (
				AC8454972E7119E9004923F3 /* TCA-Clean Architecture-Demo */,
			);
			name = "TCA-Clean Architecture-Demo";
			packageProductDependencies = (
				AC8454DA2E713A35004923F3 /* CombineMoya */,
				AC8454DC2E713A35004923F3 /* Moya */,
				AC8454DE2E713A35004923F3 /* ReactiveMoya */,
				AC8454E02E713A35004923F3 /* RxMoya */,
				AC8454E32E713A51004923F3 /* ComposableArchitecture */,
			);
			productName = "TCA-Clean Architecture-Demo";
			productReference = AC8454952E7119E9004923F3 /* TCA-Clean Architecture-Demo.app */;
			productType = "com.apple.product-type.application";
		};
		AC8454A12E7119EA004923F3 /* TCA-Clean Architecture-DemoTests */ = {
			isa = PBXNativeTarget;
			buildConfigurationList = AC8454B92E7119EA004923F3 /* Build configuration list for PBXNativeTarget "TCA-Clean Architecture-DemoTests" */;
			buildPhases = (
				AC84549E2E7119EA004923F3 /* Sources */,
				AC84549F2E7119EA004923F3 /* Frameworks */,
				AC8454A02E7119EA004923F3 /* Resources */,
			);
			buildRules = (
			);
			dependencies = (
				AC8454A42E7119EA004923F3 /* PBXTargetDependency */,
			);
			fileSystemSynchronizedGroups = (
				AC8454A52E7119EA004923F3 /* TCA-Clean Architecture-DemoTests */,
			);
			name = "TCA-Clean Architecture-DemoTests";
			packageProductDependencies = (
			);
			productName = "TCA-Clean Architecture-DemoTests";
			productReference = AC8454A22E7119EA004923F3 /* TCA-Clean Architecture-DemoTests.xctest */;
			productType = "com.apple.product-type.bundle.unit-test";
		};
		AC8454AB2E7119EA004923F3 /* TCA-Clean Architecture-DemoUITests */ = {
			isa = PBXNativeTarget;
			buildConfigurationList = AC8454BC2E7119EA004923F3 /* Build configuration list for PBXNativeTarget "TCA-Clean Architecture-DemoUITests" */;
			buildPhases = (
				AC8454A82E7119EA004923F3 /* Sources */,
				AC8454A92E7119EA004923F3 /* Frameworks */,
				AC8454AA2E7119EA004923F3 /* Resources */,
			);
			buildRules = (
			);
			dependencies = (
				AC8454AE2E7119EA004923F3 /* PBXTargetDependency */,
			);
			fileSystemSynchronizedGroups = (
				AC8454AF2E7119EA004923F3 /* TCA-Clean Architecture-DemoUITests */,
			);
			name = "TCA-Clean Architecture-DemoUITests";
			packageProductDependencies = (
			);
			productName = "TCA-Clean Architecture-DemoUITests";
			productReference = AC8454AC2E7119EA004923F3 /* TCA-Clean Architecture-DemoUITests.xctest */;
			productType = "com.apple.product-type.bundle.ui-testing";
		};
/* End PBXNativeTarget section */

/* Begin PBXProject section */
		AC84548D2E7119E9004923F3 /* Project object */ = {
			isa = PBXProject;
			attributes = {
				BuildIndependentTargetsInParallel = 1;
				LastSwiftUpdateCheck = 1640;
				LastUpgradeCheck = 1640;
				TargetAttributes = {
					AC8454942E7119E9004923F3 = {
						CreatedOnToolsVersion = 16.4;
					};
					AC8454A12E7119EA004923F3 = {
						CreatedOnToolsVersion = 16.4;
						TestTargetID = AC8454942E7119E9004923F3;
					};
					AC8454AB2E7119EA004923F3 = {
						CreatedOnToolsVersion = 16.4;
						TestTargetID = AC8454942E7119E9004923F3;
					};
				};
			};
			buildConfigurationList = AC8454902E7119E9004923F3 /* Build configuration list for PBXProject "TCA-Clean Architecture-Demo" */;
			developmentRegion = en;
			hasScannedForEncodings = 0;
			knownRegions = (
				en,
				Base,
			);
			mainGroup = AC84548C2E7119E9004923F3;
			minimizedProjectReferenceProxies = 1;
			packageReferences = (
				AC8454D92E713A35004923F3 /* XCRemoteSwiftPackageReference "Moya" */,
				AC8454E22E713A51004923F3 /* XCRemoteSwiftPackageReference "swift-composable-architecture" */,
			);
			preferredProjectObjectVersion = 77;
			productRefGroup = AC8454962E7119E9004923F3 /* Products */;
			projectDirPath = "";
			projectRoot = "";
			targets = (
				AC8454942E7119E9004923F3 /* TCA-Clean Architecture-Demo */,
				AC8454A12E7119EA004923F3 /* TCA-Clean Architecture-DemoTests */,
				AC8454AB2E7119EA004923F3 /* TCA-Clean Architecture-DemoUITests */,
			);
		};
/* End PBXProject section */

/* Begin PBXResourcesBuildPhase section */
		AC8454932E7119E9004923F3 /* Resources */ = {
			isa = PBXResourcesBuildPhase;
			buildActionMask = 2147483647;
			files = (
				AC8455462E714CE3004923F3 /* CLAUDE.md in Resources */,
			);
			runOnlyForDeploymentPostprocessing = 0;
		};
		AC8454A02E7119EA004923F3 /* Resources */ = {
			isa = PBXResourcesBuildPhase;
			buildActionMask = 2147483647;
			files = (
			);
			runOnlyForDeploymentPostprocessing = 0;
		};
		AC8454AA2E7119EA004923F3 /* Resources */ = {
			isa = PBXResourcesBuildPhase;
			buildActionMask = 2147483647;
			files = (
			);
			runOnlyForDeploymentPostprocessing = 0;
		};
/* End PBXResourcesBuildPhase section */

/* Begin PBXSourcesBuildPhase section */
		AC8454912E7119E9004923F3 /* Sources */ = {
			isa = PBXSourcesBuildPhase;
			buildActionMask = 2147483647;
			files = (
			);
			runOnlyForDeploymentPostprocessing = 0;
		};
		AC84549E2E7119EA004923F3 /* Sources */ = {
			isa = PBXSourcesBuildPhase;
			buildActionMask = 2147483647;
			files = (
			);
			runOnlyForDeploymentPostprocessing = 0;
		};
		AC8454A82E7119EA004923F3 /* Sources */ = {
			isa = PBXSourcesBuildPhase;
			buildActionMask = 2147483647;
			files = (
			);
			runOnlyForDeploymentPostprocessing = 0;
		};
/* End PBXSourcesBuildPhase section */

/* Begin PBXTargetDependency section */
		AC8454A42E7119EA004923F3 /* PBXTargetDependency */ = {
			isa = PBXTargetDependency;
			target = AC8454942E7119E9004923F3 /* TCA-Clean Architecture-Demo */;
			targetProxy = AC8454A32E7119EA004923F3 /* PBXContainerItemProxy */;
		};
		AC8454AE2E7119EA004923F3 /* PBXTargetDependency */ = {
			isa = PBXTargetDependency;
			target = AC8454942E7119E9004923F3 /* TCA-Clean Architecture-Demo */;
			targetProxy = AC8454AD2E7119EA004923F3 /* PBXContainerItemProxy */;
		};
/* End PBXTargetDependency section */

/* Begin XCBuildConfiguration section */
		AC8454B42E7119EA004923F3 /* Debug */ = {
			isa = XCBuildConfiguration;
			buildSettings = {
				ALWAYS_SEARCH_USER_PATHS = NO;
				ASSETCATALOG_COMPILER_GENERATE_SWIFT_ASSET_SYMBOL_EXTENSIONS = YES;
				CLANG_ANALYZER_NONNULL = YES;
				CLANG_ANALYZER_NUMBER_OBJECT_CONVERSION = YES_AGGRESSIVE;
				CLANG_CXX_LANGUAGE_STANDARD = "gnu++20";
				CLANG_ENABLE_MODULES = YES;
				CLANG_ENABLE_OBJC_ARC = YES;
				CLANG_ENABLE_OBJC_WEAK = YES;
				CLANG_WARN_BLOCK_CAPTURE_AUTORELEASING = YES;
				CLANG_WARN_BOOL_CONVERSION = YES;
				CLANG_WARN_COMMA = YES;
				CLANG_WARN_CONSTANT_CONVERSION = YES;
				CLANG_WARN_DEPRECATED_OBJC_IMPLEMENTATIONS = YES;
				CLANG_WARN_DIRECT_OBJC_ISA_USAGE = YES_ERROR;
				CLANG_WARN_DOCUMENTATION_COMMENTS = YES;
				CLANG_WARN_EMPTY_BODY = YES;
				CLANG_WARN_ENUM_CONVERSION = YES;
				CLANG_WARN_INFINITE_RECURSION = YES;
				CLANG_WARN_INT_CONVERSION = YES;
				CLANG_WARN_NON_LITERAL_NULL_CONVERSION = YES;
				CLANG_WARN_OBJC_IMPLICIT_RETAIN_SELF = YES;
				CLANG_WARN_OBJC_LITERAL_CONVERSION = YES;
				CLANG_WARN_OBJC_ROOT_CLASS = YES_ERROR;
				CLANG_WARN_QUOTED_INCLUDE_IN_FRAMEWORK_HEADER = YES;
				CLANG_WARN_RANGE_LOOP_ANALYSIS = YES;
				CLANG_WARN_STRICT_PROTOTYPES = YES;
				CLANG_WARN_SUSPICIOUS_MOVE = YES;
				CLANG_WARN_UNGUARDED_AVAILABILITY = YES_AGGRESSIVE;
				CLANG_WARN_UNREACHABLE_CODE = YES;
				CLANG_WARN__DUPLICATE_METHOD_MATCH = YES;
				COPY_PHASE_STRIP = NO;
				DEBUG_INFORMATION_FORMAT = dwarf;
				DEVELOPMENT_TEAM = DC8GM39E89;
				ENABLE_STRICT_OBJC_MSGSEND = YES;
				ENABLE_TESTABILITY = YES;
				ENABLE_USER_SCRIPT_SANDBOXING = YES;
				GCC_C_LANGUAGE_STANDARD = gnu17;
				GCC_DYNAMIC_NO_PIC = NO;
				GCC_NO_COMMON_BLOCKS = YES;
				GCC_OPTIMIZATION_LEVEL = 0;
				GCC_PREPROCESSOR_DEFINITIONS = (
					"DEBUG=1",
					"$(inherited)",
				);
				GCC_WARN_64_TO_32_BIT_CONVERSION = YES;
				GCC_WARN_ABOUT_RETURN_TYPE = YES_ERROR;
				GCC_WARN_UNDECLARED_SELECTOR = YES;
				GCC_WARN_UNINITIALIZED_AUTOS = YES_AGGRESSIVE;
				GCC_WARN_UNUSED_FUNCTION = YES;
				GCC_WARN_UNUSED_VARIABLE = YES;
				IPHONEOS_DEPLOYMENT_TARGET = 18.5;
				LOCALIZATION_PREFERS_STRING_CATALOGS = YES;
				MTL_ENABLE_DEBUG_INFO = INCLUDE_SOURCE;
				MTL_FAST_MATH = YES;
				ONLY_ACTIVE_ARCH = YES;
				SDKROOT = iphoneos;
				SWIFT_ACTIVE_COMPILATION_CONDITIONS = "DEBUG $(inherited)";
				SWIFT_OPTIMIZATION_LEVEL = "-Onone";
			};
			name = Debug;
		};
		AC8454B52E7119EA004923F3 /* Release */ = {
			isa = XCBuildConfiguration;
			buildSettings = {
				ALWAYS_SEARCH_USER_PATHS = NO;
				ASSETCATALOG_COMPILER_GENERATE_SWIFT_ASSET_SYMBOL_EXTENSIONS = YES;
				CLANG_ANALYZER_NONNULL = YES;
				CLANG_ANALYZER_NUMBER_OBJECT_CONVERSION = YES_AGGRESSIVE;
				CLANG_CXX_LANGUAGE_STANDARD = "gnu++20";
				CLANG_ENABLE_MODULES = YES;
				CLANG_ENABLE_OBJC_ARC = YES;
				CLANG_ENABLE_OBJC_WEAK = YES;
				CLANG_WARN_BLOCK_CAPTURE_AUTORELEASING = YES;
				CLANG_WARN_BOOL_CONVERSION = YES;
				CLANG_WARN_COMMA = YES;
				CLANG_WARN_CONSTANT_CONVERSION = YES;
				CLANG_WARN_DEPRECATED_OBJC_IMPLEMENTATIONS = YES;
				CLANG_WARN_DIRECT_OBJC_ISA_USAGE = YES_ERROR;
				CLANG_WARN_DOCUMENTATION_COMMENTS = YES;
				CLANG_WARN_EMPTY_BODY = YES;
				CLANG_WARN_ENUM_CONVERSION = YES;
				CLANG_WARN_INFINITE_RECURSION = YES;
				CLANG_WARN_INT_CONVERSION = YES;
				CLANG_WARN_NON_LITERAL_NULL_CONVERSION = YES;
				CLANG_WARN_OBJC_IMPLICIT_RETAIN_SELF = YES;
				CLANG_WARN_OBJC_LITERAL_CONVERSION = YES;
				CLANG_WARN_OBJC_ROOT_CLASS = YES_ERROR;
				CLANG_WARN_QUOTED_INCLUDE_IN_FRAMEWORK_HEADER = YES;
				CLANG_WARN_RANGE_LOOP_ANALYSIS = YES;
				CLANG_WARN_STRICT_PROTOTYPES = YES;
				CLANG_WARN_SUSPICIOUS_MOVE = YES;
				CLANG_WARN_UNGUARDED_AVAILABILITY = YES_AGGRESSIVE;
				CLANG_WARN_UNREACHABLE_CODE = YES;
				CLANG_WARN__DUPLICATE_METHOD_MATCH = YES;
				COPY_PHASE_STRIP = NO;
				DEBUG_INFORMATION_FORMAT = "dwarf-with-dsym";
				DEVELOPMENT_TEAM = DC8GM39E89;
				ENABLE_NS_ASSERTIONS = NO;
				ENABLE_STRICT_OBJC_MSGSEND = YES;
				ENABLE_USER_SCRIPT_SANDBOXING = YES;
				GCC_C_LANGUAGE_STANDARD = gnu17;
				GCC_NO_COMMON_BLOCKS = YES;
				GCC_WARN_64_TO_32_BIT_CONVERSION = YES;
				GCC_WARN_ABOUT_RETURN_TYPE = YES_ERROR;
				GCC_WARN_UNDECLARED_SELECTOR = YES;
				GCC_WARN_UNINITIALIZED_AUTOS = YES_AGGRESSIVE;
				GCC_WARN_UNUSED_FUNCTION = YES;
				GCC_WARN_UNUSED_VARIABLE = YES;
				IPHONEOS_DEPLOYMENT_TARGET = 18.5;
				LOCALIZATION_PREFERS_STRING_CATALOGS = YES;
				MTL_ENABLE_DEBUG_INFO = NO;
				MTL_FAST_MATH = YES;
				SDKROOT = iphoneos;
				SWIFT_COMPILATION_MODE = wholemodule;
				VALIDATE_PRODUCT = YES;
			};
			name = Release;
		};
		AC8454B72E7119EA004923F3 /* Debug */ = {
			isa = XCBuildConfiguration;
			buildSettings = {
				ASSETCATALOG_COMPILER_APPICON_NAME = AppIcon;
				ASSETCATALOG_COMPILER_GLOBAL_ACCENT_COLOR_NAME = AccentColor;
				CODE_SIGN_STYLE = Automatic;
				CURRENT_PROJECT_VERSION = 1;
				DEVELOPMENT_TEAM = DC8GM39E89;
				ENABLE_PREVIEWS = YES;
				GENERATE_INFOPLIST_FILE = YES;
				INFOPLIST_KEY_UIApplicationSceneManifest_Generation = YES;
				INFOPLIST_KEY_UIApplicationSupportsIndirectInputEvents = YES;
				INFOPLIST_KEY_UILaunchScreen_Generation = YES;
				INFOPLIST_KEY_UISupportedInterfaceOrientations_iPad = "UIInterfaceOrientationPortrait UIInterfaceOrientationPortraitUpsideDown UIInterfaceOrientationLandscapeLeft UIInterfaceOrientationLandscapeRight";
				INFOPLIST_KEY_UISupportedInterfaceOrientations_iPhone = "UIInterfaceOrientationPortrait UIInterfaceOrientationLandscapeLeft UIInterfaceOrientationLandscapeRight";
				LD_RUNPATH_SEARCH_PATHS = (
					"$(inherited)",
					"@executable_path/Frameworks",
				);
				MARKETING_VERSION = 1.0;
				PRODUCT_BUNDLE_IDENTIFIER = "com.team.TCA-Clean-Architecture-Demo";
				PRODUCT_NAME = "$(TARGET_NAME)";
				SWIFT_EMIT_LOC_STRINGS = YES;
				SWIFT_VERSION = 5.0;
				TARGETED_DEVICE_FAMILY = "1,2";
			};
			name = Debug;
		};
		AC8454B82E7119EA004923F3 /* Release */ = {
			isa = XCBuildConfiguration;
			buildSettings = {
				ASSETCATALOG_COMPILER_APPICON_NAME = AppIcon;
				ASSETCATALOG_COMPILER_GLOBAL_ACCENT_COLOR_NAME = AccentColor;
				CODE_SIGN_STYLE = Automatic;
				CURRENT_PROJECT_VERSION = 1;
				DEVELOPMENT_TEAM = DC8GM39E89;
				ENABLE_PREVIEWS = YES;
				GENERATE_INFOPLIST_FILE = YES;
				INFOPLIST_KEY_UIApplicationSceneManifest_Generation = YES;
				INFOPLIST_KEY_UIApplicationSupportsIndirectInputEvents = YES;
				INFOPLIST_KEY_UILaunchScreen_Generation = YES;
				INFOPLIST_KEY_UISupportedInterfaceOrientations_iPad = "UIInterfaceOrientationPortrait UIInterfaceOrientationPortraitUpsideDown UIInterfaceOrientationLandscapeLeft UIInterfaceOrientationLandscapeRight";
				INFOPLIST_KEY_UISupportedInterfaceOrientations_iPhone = "UIInterfaceOrientationPortrait UIInterfaceOrientationLandscapeLeft UIInterfaceOrientationLandscapeRight";
				LD_RUNPATH_SEARCH_PATHS = (
					"$(inherited)",
					"@executable_path/Frameworks",
				);
				MARKETING_VERSION = 1.0;
				PRODUCT_BUNDLE_IDENTIFIER = "com.team.TCA-Clean-Architecture-Demo";
				PRODUCT_NAME = "$(TARGET_NAME)";
				SWIFT_EMIT_LOC_STRINGS = YES;
				SWIFT_VERSION = 5.0;
				TARGETED_DEVICE_FAMILY = "1,2";
			};
			name = Release;
		};
		AC8454BA2E7119EA004923F3 /* Debug */ = {
			isa = XCBuildConfiguration;
			buildSettings = {
				BUNDLE_LOADER = "$(TEST_HOST)";
				CODE_SIGN_STYLE = Automatic;
				CURRENT_PROJECT_VERSION = 1;
				DEVELOPMENT_TEAM = DC8GM39E89;
				GENERATE_INFOPLIST_FILE = YES;
				IPHONEOS_DEPLOYMENT_TARGET = 18.5;
				MARKETING_VERSION = 1.0;
				PRODUCT_BUNDLE_IDENTIFIER = "com.team.TCA-Clean-Architecture-DemoTests";
				PRODUCT_NAME = "$(TARGET_NAME)";
				SWIFT_EMIT_LOC_STRINGS = NO;
				SWIFT_VERSION = 5.0;
				TARGETED_DEVICE_FAMILY = "1,2";
				TEST_HOST = "$(BUILT_PRODUCTS_DIR)/TCA-Clean Architecture-Demo.app/$(BUNDLE_EXECUTABLE_FOLDER_PATH)/TCA-Clean Architecture-Demo";
			};
			name = Debug;
		};
		AC8454BB2E7119EA004923F3 /* Release */ = {
			isa = XCBuildConfiguration;
			buildSettings = {
				BUNDLE_LOADER = "$(TEST_HOST)";
				CODE_SIGN_STYLE = Automatic;
				CURRENT_PROJECT_VERSION = 1;
				DEVELOPMENT_TEAM = DC8GM39E89;
				GENERATE_INFOPLIST_FILE = YES;
				IPHONEOS_DEPLOYMENT_TARGET = 18.5;
				MARKETING_VERSION = 1.0;
				PRODUCT_BUNDLE_IDENTIFIER = "com.team.TCA-Clean-Architecture-DemoTests";
				PRODUCT_NAME = "$(TARGET_NAME)";
				SWIFT_EMIT_LOC_STRINGS = NO;
				SWIFT_VERSION = 5.0;
				TARGETED_DEVICE_FAMILY = "1,2";
				TEST_HOST = "$(BUILT_PRODUCTS_DIR)/TCA-Clean Architecture-Demo.app/$(BUNDLE_EXECUTABLE_FOLDER_PATH)/TCA-Clean Architecture-Demo";
			};
			name = Release;
		};
		AC8454BD2E7119EA004923F3 /* Debug */ = {
			isa = XCBuildConfiguration;
			buildSettings = {
				CODE_SIGN_STYLE = Automatic;
				CURRENT_PROJECT_VERSION = 1;
				DEVELOPMENT_TEAM = DC8GM39E89;
				GENERATE_INFOPLIST_FILE = YES;
				MARKETING_VERSION = 1.0;
				PRODUCT_BUNDLE_IDENTIFIER = "com.team.TCA-Clean-Architecture-DemoUITests";
				PRODUCT_NAME = "$(TARGET_NAME)";
				SWIFT_EMIT_LOC_STRINGS = NO;
				SWIFT_VERSION = 5.0;
				TARGETED_DEVICE_FAMILY = "1,2";
				TEST_TARGET_NAME = "TCA-Clean Architecture-Demo";
			};
			name = Debug;
		};
		AC8454BE2E7119EA004923F3 /* Release */ = {
			isa = XCBuildConfiguration;
			buildSettings = {
				CODE_SIGN_STYLE = Automatic;
				CURRENT_PROJECT_VERSION = 1;
				DEVELOPMENT_TEAM = DC8GM39E89;
				GENERATE_INFOPLIST_FILE = YES;
				MARKETING_VERSION = 1.0;
				PRODUCT_BUNDLE_IDENTIFIER = "com.team.TCA-Clean-Architecture-DemoUITests";
				PRODUCT_NAME = "$(TARGET_NAME)";
				SWIFT_EMIT_LOC_STRINGS = NO;
				SWIFT_VERSION = 5.0;
				TARGETED_DEVICE_FAMILY = "1,2";
				TEST_TARGET_NAME = "TCA-Clean Architecture-Demo";
			};
			name = Release;
		};
/* End XCBuildConfiguration section */

/* Begin XCConfigurationList section */
		AC8454902E7119E9004923F3 /* Build configuration list for PBXProject "TCA-Clean Architecture-Demo" */ = {
			isa = XCConfigurationList;
			buildConfigurations = (
				AC8454B42E7119EA004923F3 /* Debug */,
				AC8454B52E7119EA004923F3 /* Release */,
			);
			defaultConfigurationIsVisible = 0;
			defaultConfigurationName = Release;
		};
		AC8454B62E7119EA004923F3 /* Build configuration list for PBXNativeTarget "TCA-Clean Architecture-Demo" */ = {
			isa = XCConfigurationList;
			buildConfigurations = (
				AC8454B72E7119EA004923F3 /* Debug */,
				AC8454B82E7119EA004923F3 /* Release */,
			);
			defaultConfigurationIsVisible = 0;
			defaultConfigurationName = Release;
		};
		AC8454B92E7119EA004923F3 /* Build configuration list for PBXNativeTarget "TCA-Clean Architecture-DemoTests" */ = {
			isa = XCConfigurationList;
			buildConfigurations = (
				AC8454BA2E7119EA004923F3 /* Debug */,
				AC8454BB2E7119EA004923F3 /* Release */,
			);
			defaultConfigurationIsVisible = 0;
			defaultConfigurationName = Release;
		};
		AC8454BC2E7119EA004923F3 /* Build configuration list for PBXNativeTarget "TCA-Clean Architecture-DemoUITests" */ = {
			isa = XCConfigurationList;
			buildConfigurations = (
				AC8454BD2E7119EA004923F3 /* Debug */,
				AC8454BE2E7119EA004923F3 /* Release */,
			);
			defaultConfigurationIsVisible = 0;
			defaultConfigurationName = Release;
		};
/* End XCConfigurationList section */

/* Begin XCRemoteSwiftPackageReference section */
		AC8454D92E713A35004923F3 /* XCRemoteSwiftPackageReference "Moya" */ = {
			isa = XCRemoteSwiftPackageReference;
			repositoryURL = "https://github.com/Moya/Moya";
			requirement = {
				kind = upToNextMajorVersion;
				minimumVersion = 15.0.3;
			};
		};
		AC8454E22E713A51004923F3 /* XCRemoteSwiftPackageReference "swift-composable-architecture" */ = {
			isa = XCRemoteSwiftPackageReference;
			repositoryURL = "https://github.com/pointfreeco/swift-composable-architecture";
			requirement = {
				kind = upToNextMajorVersion;
				minimumVersion = 1.22.2;
			};
		};
/* End XCRemoteSwiftPackageReference section */

/* Begin XCSwiftPackageProductDependency section */
		AC8454DA2E713A35004923F3 /* CombineMoya */ = {
			isa = XCSwiftPackageProductDependency;
			package = AC8454D92E713A35004923F3 /* XCRemoteSwiftPackageReference "Moya" */;
			productName = CombineMoya;
		};
		AC8454DC2E713A35004923F3 /* Moya */ = {
			isa = XCSwiftPackageProductDependency;
			package = AC8454D92E713A35004923F3 /* XCRemoteSwiftPackageReference "Moya" */;
			productName = Moya;
		};
		AC8454DE2E713A35004923F3 /* ReactiveMoya */ = {
			isa = XCSwiftPackageProductDependency;
			package = AC8454D92E713A35004923F3 /* XCRemoteSwiftPackageReference "Moya" */;
			productName = ReactiveMoya;
		};
		AC8454E02E713A35004923F3 /* RxMoya */ = {
			isa = XCSwiftPackageProductDependency;
			package = AC8454D92E713A35004923F3 /* XCRemoteSwiftPackageReference "Moya" */;
			productName = RxMoya;
		};
		AC8454E32E713A51004923F3 /* ComposableArchitecture */ = {
			isa = XCSwiftPackageProductDependency;
			package = AC8454E22E713A51004923F3 /* XCRemoteSwiftPackageReference "swift-composable-architecture" */;
			productName = ComposableArchitecture;
		};
/* End XCSwiftPackageProductDependency section */
	};
	rootObject = AC84548D2E7119E9004923F3 /* Project object */;
}
